// !$*UTF8*$!
{
	archiveVersion = 1;
	classes = {
	};
	objectVersion = 56;
	objects = {

/* Begin PBXBuildFile section */
		BA1F2FC42CCA78F800EB6F7B /* 3.swift in Sources */ = {isa = PBXBuildFile; fileRef = BA1F2FC32CCA78F800EB6F7B /* 3.swift */; };
		BA81F9722C9B1BE900812AE9 /* main.swift in Sources */ = {isa = PBXBuildFile; fileRef = BA81F9712C9B1BE900812AE9 /* main.swift */; };
		BA81F9792C9B1F1300812AE9 /* 88.swift in Sources */ = {isa = PBXBuildFile; fileRef = BA81F9782C9B1F1300812AE9 /* 88.swift */; };
		BA81F97B2C9B341F00812AE9 /* 27.swift in Sources */ = {isa = PBXBuildFile; fileRef = BA81F97A2C9B341F00812AE9 /* 27.swift */; };
		BA81F97F2C9B3F2100812AE9 /* 2053.swift in Sources */ = {isa = PBXBuildFile; fileRef = BA81F97E2C9B3F2100812AE9 /* 2053.swift */; };
		BA81F9812C9B438700812AE9 /* 2576.swift in Sources */ = {isa = PBXBuildFile; fileRef = BA81F9802C9B438700812AE9 /* 2576.swift */; };
		BAEDBB7B2CC7D17A00DC430F /* 1.swift.swift in Sources */ = {isa = PBXBuildFile; fileRef = BAEDBB7A2CC7D17A00DC430F /* 1.swift.swift */; };
		BAEDBB7D2CC7D45F00DC430F /* 2.swift in Sources */ = {isa = PBXBuildFile; fileRef = BAEDBB7C2CC7D45F00DC430F /* 2.swift */; };
/* End PBXBuildFile section */

/* Begin PBXCopyFilesBuildPhase section */
		BA81F96C2C9B1BE900812AE9 /* CopyFiles */ = {
			isa = PBXCopyFilesBuildPhase;
			buildActionMask = 2147483647;
			dstPath = /usr/share/man/man1/;
			dstSubfolderSpec = 0;
			files = (
			);
			runOnlyForDeploymentPostprocessing = 1;
		};
/* End PBXCopyFilesBuildPhase section */

/* Begin PBXFileReference section */
		BA1F2FC32CCA78F800EB6F7B /* 3.swift */ = {isa = PBXFileReference; lastKnownFileType = sourcecode.swift; path = 3.swift; sourceTree = "<group>"; };
		BA81F96E2C9B1BE900812AE9 /* LeetCode */ = {isa = PBXFileReference; explicitFileType = "compiled.mach-o.executable"; includeInIndex = 0; path = LeetCode; sourceTree = BUILT_PRODUCTS_DIR; };
		BA81F9712C9B1BE900812AE9 /* main.swift */ = {isa = PBXFileReference; lastKnownFileType = sourcecode.swift; path = main.swift; sourceTree = "<group>"; };
		BA81F9782C9B1F1300812AE9 /* 88.swift */ = {isa = PBXFileReference; lastKnownFileType = sourcecode.swift; path = 88.swift; sourceTree = "<group>"; };
		BA81F97A2C9B341F00812AE9 /* 27.swift */ = {isa = PBXFileReference; lastKnownFileType = sourcecode.swift; path = 27.swift; sourceTree = "<group>"; };
		BA81F97E2C9B3F2100812AE9 /* 2053.swift */ = {isa = PBXFileReference; fileEncoding = 4; lastKnownFileType = sourcecode.swift; path = 2053.swift; sourceTree = "<group>"; };
		BA81F9802C9B438700812AE9 /* 2576.swift */ = {isa = PBXFileReference; lastKnownFileType = sourcecode.swift; path = 2576.swift; sourceTree = "<group>"; };
		BAEDBB7A2CC7D17A00DC430F /* 1.swift.swift */ = {isa = PBXFileReference; lastKnownFileType = sourcecode.swift; path = 1.swift.swift; sourceTree = "<group>"; };
		BAEDBB7C2CC7D45F00DC430F /* 2.swift */ = {isa = PBXFileReference; lastKnownFileType = sourcecode.swift; path = 2.swift; sourceTree = "<group>"; };
/* End PBXFileReference section */

/* Begin PBXFrameworksBuildPhase section */
		BA81F96B2C9B1BE900812AE9 /* Frameworks */ = {
			isa = PBXFrameworksBuildPhase;
			buildActionMask = 2147483647;
			files = (
			);
			runOnlyForDeploymentPostprocessing = 0;
		};
/* End PBXFrameworksBuildPhase section */

/* Begin PBXGroup section */
		BA81F9652C9B1BE900812AE9 = {
			isa = PBXGroup;
			children = (
				BA81F9702C9B1BE900812AE9 /* LeetCode */,
				BA81F96F2C9B1BE900812AE9 /* Products */,
			);
			sourceTree = "<group>";
		};
		BA81F96F2C9B1BE900812AE9 /* Products */ = {
			isa = PBXGroup;
			children = (
				BA81F96E2C9B1BE900812AE9 /* LeetCode */,
			);
			name = Products;
			sourceTree = "<group>";
		};
		BA81F9702C9B1BE900812AE9 /* LeetCode */ = {
			isa = PBXGroup;
			children = (
				BA81F9712C9B1BE900812AE9 /* main.swift */,
				BA81F97E2C9B3F2100812AE9 /* 2053.swift */,
				BA81F9802C9B438700812AE9 /* 2576.swift */,
				BA81F9782C9B1F1300812AE9 /* 88.swift */,
				BA81F97A2C9B341F00812AE9 /* 27.swift */,
				BAEDBB7A2CC7D17A00DC430F /* 1.swift.swift */,
				BAEDBB7C2CC7D45F00DC430F /* 2.swift */,
				BA1F2FC32CCA78F800EB6F7B /* 3.swift */,
			);
			path = LeetCode;
			sourceTree = "<group>";
		};
/* End PBXGroup section */

/* Begin PBXNativeTarget section */
		BA81F96D2C9B1BE900812AE9 /* LeetCode */ = {
			isa = PBXNativeTarget;
			buildConfigurationList = BA81F9752C9B1BE900812AE9 /* Build configuration list for PBXNativeTarget "LeetCode" */;
			buildPhases = (
				BA81F96A2C9B1BE900812AE9 /* Sources */,
				BA81F96B2C9B1BE900812AE9 /* Frameworks */,
				BA81F96C2C9B1BE900812AE9 /* CopyFiles */,
			);
			buildRules = (
			);
			dependencies = (
			);
			name = LeetCode;
			productName = LeetCode;
			productReference = BA81F96E2C9B1BE900812AE9 /* LeetCode */;
			productType = "com.apple.product-type.tool";
		};
/* End PBXNativeTarget section */

/* Begin PBXProject section */
		BA81F9662C9B1BE900812AE9 /* Project object */ = {
			isa = PBXProject;
			attributes = {
				BuildIndependentTargetsInParallel = 1;
				LastSwiftUpdateCheck = 1540;
				LastUpgradeCheck = 1540;
				TargetAttributes = {
					BA81F96D2C9B1BE900812AE9 = {
						CreatedOnToolsVersion = 15.4;
					};
				};
			};
			buildConfigurationList = BA81F9692C9B1BE900812AE9 /* Build configuration list for PBXProject "LeetCode" */;
			compatibilityVersion = "Xcode 14.0";
			developmentRegion = en;
			hasScannedForEncodings = 0;
			knownRegions = (
				en,
				Base,
			);
			mainGroup = BA81F9652C9B1BE900812AE9;
			productRefGroup = BA81F96F2C9B1BE900812AE9 /* Products */;
			projectDirPath = "";
			projectRoot = "";
			targets = (
				BA81F96D2C9B1BE900812AE9 /* LeetCode */,
			);
		};
/* End PBXProject section */

/* Begin PBXSourcesBuildPhase section */
		BA81F96A2C9B1BE900812AE9 /* Sources */ = {
			isa = PBXSourcesBuildPhase;
			buildActionMask = 2147483647;
			files = (
				BAEDBB7B2CC7D17A00DC430F /* 1.swift.swift in Sources */,
				BA81F9812C9B438700812AE9 /* 2576.swift in Sources */,
				BA81F9722C9B1BE900812AE9 /* main.swift in Sources */,
				BAEDBB7D2CC7D45F00DC430F /* 2.swift in Sources */,
				BA81F9792C9B1F1300812AE9 /* 88.swift in Sources */,
				BA1F2FC42CCA78F800EB6F7B /* 3.swift in Sources */,
				BA81F97B2C9B341F00812AE9 /* 27.swift in Sources */,
				BA81F97F2C9B3F2100812AE9 /* 2053.swift in Sources */,
			);
			runOnlyForDeploymentPostprocessing = 0;
		};
/* End PBXSourcesBuildPhase section */

/* Begin XCBuildConfiguration section */
		BA81F9732C9B1BE900812AE9 /* Debug */ = {
			isa = XCBuildConfiguration;
			buildSettings = {
				ALWAYS_SEARCH_USER_PATHS = NO;
				ASSETCATALOG_COMPILER_GENERATE_SWIFT_ASSET_SYMBOL_EXTENSIONS = YES;
				CLANG_ANALYZER_NONNULL = YES;
				CLANG_ANALYZER_NUMBER_OBJECT_CONVERSION = YES_AGGRESSIVE;
				CLANG_CXX_LANGUAGE_STANDARD = "gnu++20";
				CLANG_ENABLE_MODULES = YES;
				CLANG_ENABLE_OBJC_ARC = YES;
				CLANG_ENABLE_OBJC_WEAK = YES;
				CLANG_WARN_BLOCK_CAPTURE_AUTORELEASING = YES;
				CLANG_WARN_BOOL_CONVERSION = YES;
				CLANG_WARN_COMMA = YES;
				CLANG_WARN_CONSTANT_CONVERSION = YES;
				CLANG_WARN_DEPRECATED_OBJC_IMPLEMENTATIONS = YES;
				CLANG_WARN_DIRECT_OBJC_ISA_USAGE = YES_ERROR;
				CLANG_WARN_DOCUMENTATION_COMMENTS = YES;
				CLANG_WARN_EMPTY_BODY = YES;
				CLANG_WARN_ENUM_CONVERSION = YES;
				CLANG_WARN_INFINITE_RECURSION = YES;
				CLANG_WARN_INT_CONVERSION = YES;
				CLANG_WARN_NON_LITERAL_NULL_CONVERSION = YES;
				CLANG_WARN_OBJC_IMPLICIT_RETAIN_SELF = YES;
				CLANG_WARN_OBJC_LITERAL_CONVERSION = YES;
				CLANG_WARN_OBJC_ROOT_CLASS = YES_ERROR;
				CLANG_WARN_QUOTED_INCLUDE_IN_FRAMEWORK_HEADER = YES;
				CLANG_WARN_RANGE_LOOP_ANALYSIS = YES;
				CLANG_WARN_STRICT_PROTOTYPES = YES;
				CLANG_WARN_SUSPICIOUS_MOVE = YES;
				CLANG_WARN_UNGUARDED_AVAILABILITY = YES_AGGRESSIVE;
				CLANG_WARN_UNREACHABLE_CODE = YES;
				CLANG_WARN__DUPLICATE_METHOD_MATCH = YES;
				COPY_PHASE_STRIP = NO;
				DEBUG_INFORMATION_FORMAT = dwarf;
				ENABLE_STRICT_OBJC_MSGSEND = YES;
				ENABLE_TESTABILITY = YES;
				ENABLE_USER_SCRIPT_SANDBOXING = YES;
				GCC_C_LANGUAGE_STANDARD = gnu17;
				GCC_DYNAMIC_NO_PIC = NO;
				GCC_NO_COMMON_BLOCKS = YES;
				GCC_OPTIMIZATION_LEVEL = 0;
				GCC_PREPROCESSOR_DEFINITIONS = (
					"DEBUG=1",
					"$(inherited)",
				);
				GCC_WARN_64_TO_32_BIT_CONVERSION = YES;
				GCC_WARN_ABOUT_RETURN_TYPE = YES_ERROR;
				GCC_WARN_UNDECLARED_SELECTOR = YES;
				GCC_WARN_UNINITIALIZED_AUTOS = YES_AGGRESSIVE;
				GCC_WARN_UNUSED_FUNCTION = YES;
				GCC_WARN_UNUSED_VARIABLE = YES;
				LOCALIZATION_PREFERS_STRING_CATALOGS = YES;
				MACOSX_DEPLOYMENT_TARGET = 14.1;
				MTL_ENABLE_DEBUG_INFO = INCLUDE_SOURCE;
				MTL_FAST_MATH = YES;
				ONLY_ACTIVE_ARCH = YES;
				SDKROOT = macosx;
				SWIFT_ACTIVE_COMPILATION_CONDITIONS = "DEBUG $(inherited)";
				SWIFT_OPTIMIZATION_LEVEL = "-Onone";
			};
			name = Debug;
		};
		BA81F9742C9B1BE900812AE9 /* Release */ = {
			isa = XCBuildConfiguration;
			buildSettings = {
				ALWAYS_SEARCH_USER_PATHS = NO;
				ASSETCATALOG_COMPILER_GENERATE_SWIFT_ASSET_SYMBOL_EXTENSIONS = YES;
				CLANG_ANALYZER_NONNULL = YES;
				CLANG_ANALYZER_NUMBER_OBJECT_CONVERSION = YES_AGGRESSIVE;
				CLANG_CXX_LANGUAGE_STANDARD = "gnu++20";
				CLANG_ENABLE_MODULES = YES;
				CLANG_ENABLE_OBJC_ARC = YES;
				CLANG_ENABLE_OBJC_WEAK = YES;
				CLANG_WARN_BLOCK_CAPTURE_AUTORELEASING = YES;
				CLANG_WARN_BOOL_CONVERSION = YES;
				CLANG_WARN_COMMA = YES;
				CLANG_WARN_CONSTANT_CONVERSION = YES;
				CLANG_WARN_DEPRECATED_OBJC_IMPLEMENTATIONS = YES;
				CLANG_WARN_DIRECT_OBJC_ISA_USAGE = YES_ERROR;
				CLANG_WARN_DOCUMENTATION_COMMENTS = YES;
				CLANG_WARN_EMPTY_BODY = YES;
				CLANG_WARN_ENUM_CONVERSION = YES;
				CLANG_WARN_INFINITE_RECURSION = YES;
				CLANG_WARN_INT_CONVERSION = YES;
				CLANG_WARN_NON_LITERAL_NULL_CONVERSION = YES;
				CLANG_WARN_OBJC_IMPLICIT_RETAIN_SELF = YES;
				CLANG_WARN_OBJC_LITERAL_CONVERSION = YES;
				CLANG_WARN_OBJC_ROOT_CLASS = YES_ERROR;
				CLANG_WARN_QUOTED_INCLUDE_IN_FRAMEWORK_HEADER = YES;
				CLANG_WARN_RANGE_LOOP_ANALYSIS = YES;
				CLANG_WARN_STRICT_PROTOTYPES = YES;
				CLANG_WARN_SUSPICIOUS_MOVE = YES;
				CLANG_WARN_UNGUARDED_AVAILABILITY = YES_AGGRESSIVE;
				CLANG_WARN_UNREACHABLE_CODE = YES;
				CLANG_WARN__DUPLICATE_METHOD_MATCH = YES;
				COPY_PHASE_STRIP = NO;
				DEBUG_INFORMATION_FORMAT = "dwarf-with-dsym";
				ENABLE_NS_ASSERTIONS = NO;
				ENABLE_STRICT_OBJC_MSGSEND = YES;
				ENABLE_USER_SCRIPT_SANDBOXING = YES;
				GCC_C_LANGUAGE_STANDARD = gnu17;
				GCC_NO_COMMON_BLOCKS = YES;
				GCC_WARN_64_TO_32_BIT_CONVERSION = YES;
				GCC_WARN_ABOUT_RETURN_TYPE = YES_ERROR;
				GCC_WARN_UNDECLARED_SELECTOR = YES;
				GCC_WARN_UNINITIALIZED_AUTOS = YES_AGGRESSIVE;
				GCC_WARN_UNUSED_FUNCTION = YES;
				GCC_WARN_UNUSED_VARIABLE = YES;
				LOCALIZATION_PREFERS_STRING_CATALOGS = YES;
				MACOSX_DEPLOYMENT_TARGET = 14.1;
				MTL_ENABLE_DEBUG_INFO = NO;
				MTL_FAST_MATH = YES;
				SDKROOT = macosx;
				SWIFT_COMPILATION_MODE = wholemodule;
			};
			name = Release;
		};
		BA81F9762C9B1BE900812AE9 /* Debug */ = {
			isa = XCBuildConfiguration;
			buildSettings = {
				CODE_SIGN_STYLE = Automatic;
				DEVELOPMENT_TEAM = 24QJT553GT;
				ENABLE_HARDENED_RUNTIME = YES;
				PRODUCT_NAME = "$(TARGET_NAME)";
				SWIFT_VERSION = 5.0;
			};
			name = Debug;
		};
		BA81F9772C9B1BE900812AE9 /* Release */ = {
			isa = XCBuildConfiguration;
			buildSettings = {
				CODE_SIGN_STYLE = Automatic;
				DEVELOPMENT_TEAM = 24QJT553GT;
				ENABLE_HARDENED_RUNTIME = YES;
				PRODUCT_NAME = "$(TARGET_NAME)";
				SWIFT_VERSION = 5.0;
			};
			name = Release;
		};
/* End XCBuildConfiguration section */

/* Begin XCConfigurationList section */
		BA81F9692C9B1BE900812AE9 /* Build configuration list for PBXProject "LeetCode" */ = {
			isa = XCConfigurationList;
			buildConfigurations = (
				BA81F9732C9B1BE900812AE9 /* Debug */,
				BA81F9742C9B1BE900812AE9 /* Release */,
			);
			defaultConfigurationIsVisible = 0;
			defaultConfigurationName = Release;
		};
		BA81F9752C9B1BE900812AE9 /* Build configuration list for PBXNativeTarget "LeetCode" */ = {
			isa = XCConfigurationList;
			buildConfigurations = (
				BA81F9762C9B1BE900812AE9 /* Debug */,
				BA81F9772C9B1BE900812AE9 /* Release */,
			);
			defaultConfigurationIsVisible = 0;
			defaultConfigurationName = Release;
		};
/* End XCConfigurationList section */
	};
	rootObject = BA81F9662C9B1BE900812AE9 /* Project object */;
}
